{
	"name": "@acme/web-app",
	"version": "1.0.0",
	"lockfileVersion": 3,
	"requires": true,
	"packages": {
		"": {
			"name": "@acme/web-app",
			"version": "1.0.0",
			"dependencies": {
				"axios": "0.21.0",
				"lodash": "4.17.15",
				"express": "4.17.1"
			},
			"devDependencies": {
				"jest": "27.0.0",
				"eslint": "7.32.0"
			},
			"peerDependencies": {
				"react": "17.0.2"
			}
		},
		"node_modules/axios": {
			"version": "0.21.0",
			"resolved": "https://registry.npmjs.org/axios/-/axios-0.21.0.tgz",
			"integrity": "sha512-fakehash1",
			"dependencies": { "follow-redirects": "1.13.0" }
		},
		"node_modules/follow-redirects": {
			"version": "1.13.0",
			"resolved": "https://registry.npmjs.org/follow-redirects/-/follow-redirects-1.13.0.tgz",
			"integrity": "sha512-fakehash2"
		},
		"node_modules/lodash": {
			"version": "4.17.15",
			"resolved": "https://registry.npmjs.org/lodash/-/lodash-4.17.15.tgz",
			"integrity": "sha512-fakehash3"
		},
		"node_modules/express": {
			"version": "4.17.1",
			"resolved": "https://registry.npmjs.org/express/-/express-4.17.1.tgz",
			"integrity": "sha512-fakehash4",
			"dependencies": {
				"qs": "6.7.0"
			}
		},
		"node_modules/qs": {
			"version": "6.7.0",
			"resolved": "https://registry.npmjs.org/qs/-/qs-6.7.0.tgz",
			"integrity": "sha512-fakehash5"
		},
		"node_modules/jest": {
			"version": "27.0.0",
			"dev": true,
			"resolved": "https://registry.npmjs.org/jest/-/jest-27.0.0.tgz",
			"integrity": "sha512-fakehash6"
		},
		"node_modules/eslint": {
			"version": "7.32.0",
			"dev": true,
			"resolved": "https://registry.npmjs.org/eslint/-/eslint-7.32.0.tgz",
			"integrity": "sha512-fakehash7"
		},
		"node_modules/react": {
			"version": "17.0.2",
			"peer": true,
			"resolved": "https://registry.npmjs.org/react/-/react-17.0.2.tgz",
			"integrity": "sha512-fakehash8"
		}
	}
}
