# This file is generated by running "yarn install" inside your project.
# Manual changes might be lost - proceed with caution!

__metadata:
  version: 8
  cacheKey: 10

"@babel/core@npm:^7.0.0, @babel/core@npm:^7.23.0":
  version: 7.23.0
  resolution: "@babel/core@npm:7.23.0"
  dependencies:
    "@babel/types": "npm:^7.23.0"
  checksum: 10c0/aaa
  languageName: node
  linkType: hard

"@babel/types@npm:^7.23.0":
  version: 7.23.0
  resolution: "@babel/types@npm:7.23.0"
  checksum: 10c0/bbb
  languageName: node
  linkType: hard

"jest@npm:^29.0.0":
  version: 29.7.0
  resolution: "jest@npm:29.7.0"
  checksum: 10c0/ccc
  languageName: node
  linkType: hard

"lodash@npm:^4.17.21":
  version: 4.17.21
  resolution: "lodash@npm:4.17.21"
  checksum: 10c0/ddd
  languageName: node
  linkType: hard

"my-app@workspace:.":
  version: 0.0.0-use.local
  resolution: "my-app@workspace:."
  languageName: unknown
  linkType: soft
